// !$*UTF8*$!
{
	archiveVersion = 1;
	classes = {
	};
	objectVersion = 77;
	objects = {

/* Begin PBXContainerItemProxy section */
		91ACBB4A2D3786A000191C1E /* PBXContainerItemProxy */ = {
			isa = PBXContainerItemProxy;
			containerPortal = 91ACBB312D37869D00191C1E /* Project object */;
			proxyType = 1;
			remoteGlobalIDString = 91ACBB382D37869D00191C1E;
			remoteInfo = "LCX-IOS-APP";
		};
		91ACBB542D3786A000191C1E /* PBXContainerItemProxy */ = {
			isa = PBXContainerItemProxy;
			containerPortal = 91ACBB312D37869D00191C1E /* Project object */;
			proxyType = 1;
			remoteGlobalIDString = 91ACBB382D37869D00191C1E;
			remoteInfo = "LCX-IOS-APP";
		};
/* End PBXContainerItemProxy section */

/* Begin PBXFileReference section */
		91ACBB392D37869D00191C1E /* LCX-IOS-APP.app */ = {isa = PBXFileReference; explicitFileType = wrapper.application; includeInIndex = 0; path = "LCX-IOS-APP.app"; sourceTree = BUILT_PRODUCTS_DIR; };
		91ACBB492D3786A000191C1E /* LCX-IOS-APPTests.xctest */ = {isa = PBXFileReference; explicitFileType = wrapper.cfbundle; includeInIndex = 0; path = "LCX-IOS-APPTests.xctest"; sourceTree = BUILT_PRODUCTS_DIR; };
		91ACBB532D3786A000191C1E /* LCX-IOS-APPUITests.xctest */ = {isa = PBXFileReference; explicitFileType = wrapper.cfbundle; includeInIndex = 0; path = "LCX-IOS-APPUITests.xctest"; sourceTree = BUILT_PRODUCTS_DIR; };
/* End PBXFileReference section */

/* Begin PBXFileSystemSynchronizedRootGroup section */
		91ACBB3B2D37869D00191C1E /* LCX-IOS-APP */ = {
			isa = PBXFileSystemSynchronizedRootGroup;
			path = "LCX-IOS-APP";
			sourceTree = "<group>";
		};
		91ACBB4C2D3786A000191C1E /* LCX-IOS-APPTests */ = {
			isa = PBXFileSystemSynchronizedRootGroup;
			path = "LCX-IOS-APPTests";
			sourceTree = "<group>";
		};
		91ACBB562D3786A000191C1E /* LCX-IOS-APPUITests */ = {
			isa = PBXFileSystemSynchronizedRootGroup;
			path = "LCX-IOS-APPUITests";
			sourceTree = "<group>";
		};
/* End PBXFileSystemSynchronizedRootGroup section */

/* Begin PBXFrameworksBuildPhase section */
		91ACBB362D37869D00191C1E /* Frameworks */ = {
			isa = PBXFrameworksBuildPhase;
			buildActionMask = 2147483647;
			files = (
			);
			runOnlyForDeploymentPostprocessing = 0;
		};
		91ACBB462D3786A000191C1E /* Frameworks */ = {
			isa = PBXFrameworksBuildPhase;
			buildActionMask = 2147483647;
			files = (
			);
			runOnlyForDeploymentPostprocessing = 0;
		};
		91ACBB502D3786A000191C1E /* Frameworks */ = {
			isa = PBXFrameworksBuildPhase;
			buildActionMask = 2147483647;
			files = (
			);
			runOnlyForDeploymentPostprocessing = 0;
		};
/* End PBXFrameworksBuildPhase section */

/* Begin PBXGroup section */
		91ACBB302D37869D00191C1E = {
			isa = PBXGroup;
			children = (
				91ACBB3B2D37869D00191C1E /* LCX-IOS-APP */,
				91ACBB4C2D3786A000191C1E /* LCX-IOS-APPTests */,
				91ACBB562D3786A000191C1E /* LCX-IOS-APPUITests */,
				91ACBB3A2D37869D00191C1E /* Products */,
			);
			sourceTree = "<group>";
		};
		91ACBB3A2D37869D00191C1E /* Products */ = {
			isa = PBXGroup;
			children = (
				91ACBB392D37869D00191C1E /* LCX-IOS-APP.app */,
				91ACBB492D3786A000191C1E /* LCX-IOS-APPTests.xctest */,
				91ACBB532D3786A000191C1E /* LCX-IOS-APPUITests.xctest */,
			);
			name = Products;
			sourceTree = "<group>";
		};
/* End PBXGroup section */

/* Begin PBXNativeTarget section */
		91ACBB382D37869D00191C1E /* LCX-IOS-APP */ = {
			isa = PBXNativeTarget;
			buildConfigurationList = 91ACBB5D2D3786A000191C1E /* Build configuration list for PBXNativeTarget "LCX-IOS-APP" */;
			buildPhases = (
				91ACBB352D37869D00191C1E /* Sources */,
				91ACBB362D37869D00191C1E /* Frameworks */,
				91ACBB372D37869D00191C1E /* Resources */,
			);
			buildRules = (
			);
			dependencies = (
			);
			fileSystemSynchronizedGroups = (
				91ACBB3B2D37869D00191C1E /* LCX-IOS-APP */,
			);
			name = "LCX-IOS-APP";
			packageProductDependencies = (
			);
			productName = "LCX-IOS-APP";
			productReference = 91ACBB392D37869D00191C1E /* LCX-IOS-APP.app */;
			productType = "com.apple.product-type.application";
		};
		91ACBB482D3786A000191C1E /* LCX-IOS-APPTests */ = {
			isa = PBXNativeTarget;
			buildConfigurationList = 91ACBB602D3786A000191C1E /* Build configuration list for PBXNativeTarget "LCX-IOS-APPTests" */;
			buildPhases = (
				91ACBB452D3786A000191C1E /* Sources */,
				91ACBB462D3786A000191C1E /* Frameworks */,
				91ACBB472D3786A000191C1E /* Resources */,
			);
			buildRules = (
			);
			dependencies = (
				91ACBB4B2D3786A000191C1E /* PBXTargetDependency */,
			);
			fileSystemSynchronizedGroups = (
				91ACBB4C2D3786A000191C1E /* LCX-IOS-APPTests */,
			);
			name = "LCX-IOS-APPTests";
			packageProductDependencies = (
			);
			productName = "LCX-IOS-APPTests";
			productReference = 91ACBB492D3786A000191C1E /* LCX-IOS-APPTests.xctest */;
			productType = "com.apple.product-type.bundle.unit-test";
		};
		91ACBB522D3786A000191C1E /* LCX-IOS-APPUITests */ = {
			isa = PBXNativeTarget;
			buildConfigurationList = 91ACBB632D3786A000191C1E /* Build configuration list for PBXNativeTarget "LCX-IOS-APPUITests" */;
			buildPhases = (
				91ACBB4F2D3786A000191C1E /* Sources */,
				91ACBB502D3786A000191C1E /* Frameworks */,
				91ACBB512D3786A000191C1E /* Resources */,
			);
			buildRules = (
			);
			dependencies = (
				91ACBB552D3786A000191C1E /* PBXTargetDependency */,
			);
			fileSystemSynchronizedGroups = (
				91ACBB562D3786A000191C1E /* LCX-IOS-APPUITests */,
			);
			name = "LCX-IOS-APPUITests";
			packageProductDependencies = (
			);
			productName = "LCX-IOS-APPUITests";
			productReference = 91ACBB532D3786A000191C1E /* LCX-IOS-APPUITests.xctest */;
			productType = "com.apple.product-type.bundle.ui-testing";
		};
/* End PBXNativeTarget section */

/* Begin PBXProject section */
		91ACBB312D37869D00191C1E /* Project object */ = {
			isa = PBXProject;
			attributes = {
				BuildIndependentTargetsInParallel = 1;
				LastSwiftUpdateCheck = 1620;
				LastUpgradeCheck = 1620;
				TargetAttributes = {
					91ACBB382D37869D00191C1E = {
						CreatedOnToolsVersion = 16.2;
					};
					91ACBB482D3786A000191C1E = {
						CreatedOnToolsVersion = 16.2;
						TestTargetID = 91ACBB382D37869D00191C1E;
					};
					91ACBB522D3786A000191C1E = {
						CreatedOnToolsVersion = 16.2;
						TestTargetID = 91ACBB382D37869D00191C1E;
					};
				};
			};
			buildConfigurationList = 91ACBB342D37869D00191C1E /* Build configuration list for PBXProject "LCX-IOS-APP" */;
			developmentRegion = en;
			hasScannedForEncodings = 0;
			knownRegions = (
				en,
				Base,
			);
			mainGroup = 91ACBB302D37869D00191C1E;
			minimizedProjectReferenceProxies = 1;
			preferredProjectObjectVersion = 77;
			productRefGroup = 91ACBB3A2D37869D00191C1E /* Products */;
			projectDirPath = "";
			projectRoot = "";
			targets = (
				91ACBB382D37869D00191C1E /* LCX-IOS-APP */,
				91ACBB482D3786A000191C1E /* LCX-IOS-APPTests */,
				91ACBB522D3786A000191C1E /* LCX-IOS-APPUITests */,
			);
		};
/* End PBXProject section */

/* Begin PBXResourcesBuildPhase section */
		91ACBB372D37869D00191C1E /* Resources */ = {
			isa = PBXResourcesBuildPhase;
			buildActionMask = 2147483647;
			files = (
			);
			runOnlyForDeploymentPostprocessing = 0;
		};
		91ACBB472D3786A000191C1E /* Resources */ = {
			isa = PBXResourcesBuildPhase;
			buildActionMask = 2147483647;
			files = (
			);
			runOnlyForDeploymentPostprocessing = 0;
		};
		91ACBB512D3786A000191C1E /* Resources */ = {
			isa = PBXResourcesBuildPhase;
			buildActionMask = 2147483647;
			files = (
			);
			runOnlyForDeploymentPostprocessing = 0;
		};
/* End PBXResourcesBuildPhase section */

/* Begin PBXSourcesBuildPhase section */
		91ACBB352D37869D00191C1E /* Sources */ = {
			isa = PBXSourcesBuildPhase;
			buildActionMask = 2147483647;
			files = (
			);
			runOnlyForDeploymentPostprocessing = 0;
		};
		91ACBB452D3786A000191C1E /* Sources */ = {
			isa = PBXSourcesBuildPhase;
			buildActionMask = 2147483647;
			files = (
			);
			runOnlyForDeploymentPostprocessing = 0;
		};
		91ACBB4F2D3786A000191C1E /* Sources */ = {
			isa = PBXSourcesBuildPhase;
			buildActionMask = 2147483647;
			files = (
			);
			runOnlyForDeploymentPostprocessing = 0;
		};
/* End PBXSourcesBuildPhase section */

/* Begin PBXTargetDependency section */
		91ACBB4B2D3786A000191C1E /* PBXTargetDependency */ = {
			isa = PBXTargetDependency;
			target = 91ACBB382D37869D00191C1E /* LCX-IOS-APP */;
			targetProxy = 91ACBB4A2D3786A000191C1E /* PBXContainerItemProxy */;
		};
		91ACBB552D3786A000191C1E /* PBXTargetDependency */ = {
			isa = PBXTargetDependency;
			target = 91ACBB382D37869D00191C1E /* LCX-IOS-APP */;
			targetProxy = 91ACBB542D3786A000191C1E /* PBXContainerItemProxy */;
		};
/* End PBXTargetDependency section */

/* Begin XCBuildConfiguration section */
		91ACBB5B2D3786A000191C1E /* Debug */ = {
			isa = XCBuildConfiguration;
			buildSettings = {
				ALWAYS_SEARCH_USER_PATHS = NO;
				ASSETCATALOG_COMPILER_GENERATE_SWIFT_ASSET_SYMBOL_EXTENSIONS = YES;
				CLANG_ANALYZER_NONNULL = YES;
				CLANG_ANALYZER_NUMBER_OBJECT_CONVERSION = YES_AGGRESSIVE;
				CLANG_CXX_LANGUAGE_STANDARD = "gnu++20";
				CLANG_ENABLE_MODULES = YES;
				CLANG_ENABLE_OBJC_ARC = YES;
				CLANG_ENABLE_OBJC_WEAK = YES;
				CLANG_WARN_BLOCK_CAPTURE_AUTORELEASING = YES;
				CLANG_WARN_BOOL_CONVERSION = YES;
				CLANG_WARN_COMMA = YES;
				CLANG_WARN_CONSTANT_CONVERSION = YES;
				CLANG_WARN_DEPRECATED_OBJC_IMPLEMENTATIONS = YES;
				CLANG_WARN_DIRECT_OBJC_ISA_USAGE = YES_ERROR;
				CLANG_WARN_DOCUMENTATION_COMMENTS = YES;
				CLANG_WARN_EMPTY_BODY = YES;
				CLANG_WARN_ENUM_CONVERSION = YES;
				CLANG_WARN_INFINITE_RECURSION = YES;
				CLANG_WARN_INT_CONVERSION = YES;
				CLANG_WARN_NON_LITERAL_NULL_CONVERSION = YES;
				CLANG_WARN_OBJC_IMPLICIT_RETAIN_SELF = YES;
				CLANG_WARN_OBJC_LITERAL_CONVERSION = YES;
				CLANG_WARN_OBJC_ROOT_CLASS = YES_ERROR;
				CLANG_WARN_QUOTED_INCLUDE_IN_FRAMEWORK_HEADER = YES;
				CLANG_WARN_RANGE_LOOP_ANALYSIS = YES;
				CLANG_WARN_STRICT_PROTOTYPES = YES;
				CLANG_WARN_SUSPICIOUS_MOVE = YES;
				CLANG_WARN_UNGUARDED_AVAILABILITY = YES_AGGRESSIVE;
				CLANG_WARN_UNREACHABLE_CODE = YES;
				CLANG_WARN__DUPLICATE_METHOD_MATCH = YES;
				COPY_PHASE_STRIP = NO;
				DEBUG_INFORMATION_FORMAT = dwarf;
				ENABLE_STRICT_OBJC_MSGSEND = YES;
				ENABLE_TESTABILITY = YES;
				ENABLE_USER_SCRIPT_SANDBOXING = YES;
				GCC_C_LANGUAGE_STANDARD = gnu17;
				GCC_DYNAMIC_NO_PIC = NO;
				GCC_NO_COMMON_BLOCKS = YES;
				GCC_OPTIMIZATION_LEVEL = 0;
				GCC_PREPROCESSOR_DEFINITIONS = (
					"DEBUG=1",
					"$(inherited)",
				);
				GCC_WARN_64_TO_32_BIT_CONVERSION = YES;
				GCC_WARN_ABOUT_RETURN_TYPE = YES_ERROR;
				GCC_WARN_UNDECLARED_SELECTOR = YES;
				GCC_WARN_UNINITIALIZED_AUTOS = YES_AGGRESSIVE;
				GCC_WARN_UNUSED_FUNCTION = YES;
				GCC_WARN_UNUSED_VARIABLE = YES;
				IPHONEOS_DEPLOYMENT_TARGET = 18.2;
				LOCALIZATION_PREFERS_STRING_CATALOGS = YES;
				MTL_ENABLE_DEBUG_INFO = INCLUDE_SOURCE;
				MTL_FAST_MATH = YES;
				ONLY_ACTIVE_ARCH = YES;
				SDKROOT = iphoneos;
				SWIFT_ACTIVE_COMPILATION_CONDITIONS = "DEBUG $(inherited)";
				SWIFT_OPTIMIZATION_LEVEL = "-Onone";
			};
			name = Debug;
		};
		91ACBB5C2D3786A000191C1E /* Release */ = {
			isa = XCBuildConfiguration;
			buildSettings = {
				ALWAYS_SEARCH_USER_PATHS = NO;
				ASSETCATALOG_COMPILER_GENERATE_SWIFT_ASSET_SYMBOL_EXTENSIONS = YES;
				CLANG_ANALYZER_NONNULL = YES;
				CLANG_ANALYZER_NUMBER_OBJECT_CONVERSION = YES_AGGRESSIVE;
				CLANG_CXX_LANGUAGE_STANDARD = "gnu++20";
				CLANG_ENABLE_MODULES = YES;
				CLANG_ENABLE_OBJC_ARC = YES;
				CLANG_ENABLE_OBJC_WEAK = YES;
				CLANG_WARN_BLOCK_CAPTURE_AUTORELEASING = YES;
				CLANG_WARN_BOOL_CONVERSION = YES;
				CLANG_WARN_COMMA = YES;
				CLANG_WARN_CONSTANT_CONVERSION = YES;
				CLANG_WARN_DEPRECATED_OBJC_IMPLEMENTATIONS = YES;
				CLANG_WARN_DIRECT_OBJC_ISA_USAGE = YES_ERROR;
				CLANG_WARN_DOCUMENTATION_COMMENTS = YES;
				CLANG_WARN_EMPTY_BODY = YES;
				CLANG_WARN_ENUM_CONVERSION = YES;
				CLANG_WARN_INFINITE_RECURSION = YES;
				CLANG_WARN_INT_CONVERSION = YES;
				CLANG_WARN_NON_LITERAL_NULL_CONVERSION = YES;
				CLANG_WARN_OBJC_IMPLICIT_RETAIN_SELF = YES;
				CLANG_WARN_OBJC_LITERAL_CONVERSION = YES;
				CLANG_WARN_OBJC_ROOT_CLASS = YES_ERROR;
				CLANG_WARN_QUOTED_INCLUDE_IN_FRAMEWORK_HEADER = YES;
				CLANG_WARN_RANGE_LOOP_ANALYSIS = YES;
				CLANG_WARN_STRICT_PROTOTYPES = YES;
				CLANG_WARN_SUSPICIOUS_MOVE = YES;
				CLANG_WARN_UNGUARDED_AVAILABILITY = YES_AGGRESSIVE;
				CLANG_WARN_UNREACHABLE_CODE = YES;
				CLANG_WARN__DUPLICATE_METHOD_MATCH = YES;
				COPY_PHASE_STRIP = NO;
				DEBUG_INFORMATION_FORMAT = "dwarf-with-dsym";
				ENABLE_NS_ASSERTIONS = NO;
				ENABLE_STRICT_OBJC_MSGSEND = YES;
				ENABLE_USER_SCRIPT_SANDBOXING = YES;
				GCC_C_LANGUAGE_STANDARD = gnu17;
				GCC_NO_COMMON_BLOCKS = YES;
				GCC_WARN_64_TO_32_BIT_CONVERSION = YES;
				GCC_WARN_ABOUT_RETURN_TYPE = YES_ERROR;
				GCC_WARN_UNDECLARED_SELECTOR = YES;
				GCC_WARN_UNINITIALIZED_AUTOS = YES_AGGRESSIVE;
				GCC_WARN_UNUSED_FUNCTION = YES;
				GCC_WARN_UNUSED_VARIABLE = YES;
				IPHONEOS_DEPLOYMENT_TARGET = 18.2;
				LOCALIZATION_PREFERS_STRING_CATALOGS = YES;
				MTL_ENABLE_DEBUG_INFO = NO;
				MTL_FAST_MATH = YES;
				SDKROOT = iphoneos;
				SWIFT_COMPILATION_MODE = wholemodule;
				VALIDATE_PRODUCT = YES;
			};
			name = Release;
		};
		91ACBB5E2D3786A000191C1E /* Debug */ = {
			isa = XCBuildConfiguration;
			buildSettings = {
				ASSETCATALOG_COMPILER_APPICON_NAME = AppIcon;
				ASSETCATALOG_COMPILER_GLOBAL_ACCENT_COLOR_NAME = AccentColor;
				CODE_SIGN_STYLE = Automatic;
				CURRENT_PROJECT_VERSION = 1;
				DEVELOPMENT_ASSET_PATHS = "\"LCX-IOS-APP/Preview Content\"";
				DEVELOPMENT_TEAM = APYKC3V5KP;
				ENABLE_PREVIEWS = YES;
				GENERATE_INFOPLIST_FILE = YES;
				INFOPLIST_KEY_UIApplicationSceneManifest_Generation = YES;
				INFOPLIST_KEY_UIApplicationSupportsIndirectInputEvents = YES;
				INFOPLIST_KEY_UILaunchScreen_Generation = YES;
				INFOPLIST_KEY_UISupportedInterfaceOrientations_iPad = "UIInterfaceOrientationPortrait UIInterfaceOrientationPortraitUpsideDown UIInterfaceOrientationLandscapeLeft UIInterfaceOrientationLandscapeRight";
				INFOPLIST_KEY_UISupportedInterfaceOrientations_iPhone = "UIInterfaceOrientationPortrait UIInterfaceOrientationLandscapeLeft UIInterfaceOrientationLandscapeRight";
				LD_RUNPATH_SEARCH_PATHS = (
					"$(inherited)",
					"@executable_path/Frameworks",
				);
				MARKETING_VERSION = 1.0;
				PRODUCT_BUNDLE_IDENTIFIER = "com.tencent.LCX-IOS-APP";
				PRODUCT_NAME = "$(TARGET_NAME)";
				SWIFT_EMIT_LOC_STRINGS = YES;
				SWIFT_VERSION = 5.0;
				TARGETED_DEVICE_FAMILY = "1,2";
			};
			name = Debug;
		};
		91ACBB5F2D3786A000191C1E /* Release */ = {
			isa = XCBuildConfiguration;
			buildSettings = {
				ASSETCATALOG_COMPILER_APPICON_NAME = AppIcon;
				ASSETCATALOG_COMPILER_GLOBAL_ACCENT_COLOR_NAME = AccentColor;
				CODE_SIGN_STYLE = Automatic;
				CURRENT_PROJECT_VERSION = 1;
				DEVELOPMENT_ASSET_PATHS = "\"LCX-IOS-APP/Preview Content\"";
				DEVELOPMENT_TEAM = APYKC3V5KP;
				ENABLE_PREVIEWS = YES;
				GENERATE_INFOPLIST_FILE = YES;
				INFOPLIST_KEY_UIApplicationSceneManifest_Generation = YES;
				INFOPLIST_KEY_UIApplicationSupportsIndirectInputEvents = YES;
				INFOPLIST_KEY_UILaunchScreen_Generation = YES;
				INFOPLIST_KEY_UISupportedInterfaceOrientations_iPad = "UIInterfaceOrientationPortrait UIInterfaceOrientationPortraitUpsideDown UIInterfaceOrientationLandscapeLeft UIInterfaceOrientationLandscapeRight";
				INFOPLIST_KEY_UISupportedInterfaceOrientations_iPhone = "UIInterfaceOrientationPortrait UIInterfaceOrientationLandscapeLeft UIInterfaceOrientationLandscapeRight";
				LD_RUNPATH_SEARCH_PATHS = (
					"$(inherited)",
					"@executable_path/Frameworks",
				);
				MARKETING_VERSION = 1.0;
				PRODUCT_BUNDLE_IDENTIFIER = "com.tencent.LCX-IOS-APP";
				PRODUCT_NAME = "$(TARGET_NAME)";
				SWIFT_EMIT_LOC_STRINGS = YES;
				SWIFT_VERSION = 5.0;
				TARGETED_DEVICE_FAMILY = "1,2";
			};
			name = Release;
		};
		91ACBB612D3786A000191C1E /* Debug */ = {
			isa = XCBuildConfiguration;
			buildSettings = {
				BUNDLE_LOADER = "$(TEST_HOST)";
				CODE_SIGN_STYLE = Automatic;
				CURRENT_PROJECT_VERSION = 1;
				DEVELOPMENT_TEAM = APYKC3V5KP;
				GENERATE_INFOPLIST_FILE = YES;
				IPHONEOS_DEPLOYMENT_TARGET = 18.2;
				MARKETING_VERSION = 1.0;
				PRODUCT_BUNDLE_IDENTIFIER = "com.tencent.LCX-IOS-APPTests";
				PRODUCT_NAME = "$(TARGET_NAME)";
				SWIFT_EMIT_LOC_STRINGS = NO;
				SWIFT_VERSION = 5.0;
				TARGETED_DEVICE_FAMILY = "1,2";
				TEST_HOST = "$(BUILT_PRODUCTS_DIR)/LCX-IOS-APP.app/$(BUNDLE_EXECUTABLE_FOLDER_PATH)/LCX-IOS-APP";
			};
			name = Debug;
		};
		91ACBB622D3786A000191C1E /* Release */ = {
			isa = XCBuildConfiguration;
			buildSettings = {
				BUNDLE_LOADER = "$(TEST_HOST)";
				CODE_SIGN_STYLE = Automatic;
				CURRENT_PROJECT_VERSION = 1;
				DEVELOPMENT_TEAM = APYKC3V5KP;
				GENERATE_INFOPLIST_FILE = YES;
				IPHONEOS_DEPLOYMENT_TARGET = 18.2;
				MARKETING_VERSION = 1.0;
				PRODUCT_BUNDLE_IDENTIFIER = "com.tencent.LCX-IOS-APPTests";
				PRODUCT_NAME = "$(TARGET_NAME)";
				SWIFT_EMIT_LOC_STRINGS = NO;
				SWIFT_VERSION = 5.0;
				TARGETED_DEVICE_FAMILY = "1,2";
				TEST_HOST = "$(BUILT_PRODUCTS_DIR)/LCX-IOS-APP.app/$(BUNDLE_EXECUTABLE_FOLDER_PATH)/LCX-IOS-APP";
			};
			name = Release;
		};
		91ACBB642D3786A000191C1E /* Debug */ = {
			isa = XCBuildConfiguration;
			buildSettings = {
				CODE_SIGN_STYLE = Automatic;
				CURRENT_PROJECT_VERSION = 1;
				DEVELOPMENT_TEAM = APYKC3V5KP;
				GENERATE_INFOPLIST_FILE = YES;
				MARKETING_VERSION = 1.0;
				PRODUCT_BUNDLE_IDENTIFIER = "com.tencent.LCX-IOS-APPUITests";
				PRODUCT_NAME = "$(TARGET_NAME)";
				SWIFT_EMIT_LOC_STRINGS = NO;
				SWIFT_VERSION = 5.0;
				TARGETED_DEVICE_FAMILY = "1,2";
				TEST_TARGET_NAME = "LCX-IOS-APP";
			};
			name = Debug;
		};
		91ACBB652D3786A000191C1E /* Release */ = {
			isa = XCBuildConfiguration;
			buildSettings = {
				CODE_SIGN_STYLE = Automatic;
				CURRENT_PROJECT_VERSION = 1;
				DEVELOPMENT_TEAM = APYKC3V5KP;
				GENERATE_INFOPLIST_FILE = YES;
				MARKETING_VERSION = 1.0;
				PRODUCT_BUNDLE_IDENTIFIER = "com.tencent.LCX-IOS-APPUITests";
				PRODUCT_NAME = "$(TARGET_NAME)";
				SWIFT_EMIT_LOC_STRINGS = NO;
				SWIFT_VERSION = 5.0;
				TARGETED_DEVICE_FAMILY = "1,2";
				TEST_TARGET_NAME = "LCX-IOS-APP";
			};
			name = Release;
		};
/* End XCBuildConfiguration section */

/* Begin XCConfigurationList section */
		91ACBB342D37869D00191C1E /* Build configuration list for PBXProject "LCX-IOS-APP" */ = {
			isa = XCConfigurationList;
			buildConfigurations = (
				91ACBB5B2D3786A000191C1E /* Debug */,
				91ACBB5C2D3786A000191C1E /* Release */,
			);
			defaultConfigurationIsVisible = 0;
			defaultConfigurationName = Release;
		};
		91ACBB5D2D3786A000191C1E /* Build configuration list for PBXNativeTarget "LCX-IOS-APP" */ = {
			isa = XCConfigurationList;
			buildConfigurations = (
				91ACBB5E2D3786A000191C1E /* Debug */,
				91ACBB5F2D3786A000191C1E /* Release */,
			);
			defaultConfigurationIsVisible = 0;
			defaultConfigurationName = Release;
		};
		91ACBB602D3786A000191C1E /* Build configuration list for PBXNativeTarget "LCX-IOS-APPTests" */ = {
			isa = XCConfigurationList;
			buildConfigurations = (
				91ACBB612D3786A000191C1E /* Debug */,
				91ACBB622D3786A000191C1E /* Release */,
			);
			defaultConfigurationIsVisible = 0;
			defaultConfigurationName = Release;
		};
		91ACBB632D3786A000191C1E /* Build configuration list for PBXNativeTarget "LCX-IOS-APPUITests" */ = {
			isa = XCConfigurationList;
			buildConfigurations = (
				91ACBB642D3786A000191C1E /* Debug */,
				91ACBB652D3786A000191C1E /* Release */,
			);
			defaultConfigurationIsVisible = 0;
			defaultConfigurationName = Release;
		};
/* End XCConfigurationList section */
	};
	rootObject = 91ACBB312D37869D00191C1E /* Project object */;
}
